<?xml version="1.0" encoding="utf-8"?>
<Project ToolsVersion="4.0" xmlns="http://schemas.microsoft.com/developer/msbuild/2003">
  <ItemGroup>
    <Filter Include="Source Files">
      <UniqueIdentifier>{4FC737F1-C7A5-4376-A066-2A32D752A2FF}</UniqueIdentifier>
      <Extensions>cpp;c;cc;cxx;c++;cppm;ixx;def;odl;idl;hpj;bat;asm;asmx</Extensions>
    </Filter>
    <Filter Include="Header Files">
      <UniqueIdentifier>{93995380-89BD-4b04-88EB-625FBE52EBFB}</UniqueIdentifier>
      <Extensions>h;hh;hpp;hxx;h++;hm;inl;inc;ipp;xsd</Extensions>
    </Filter>
    <Filter Include="Resource Files">
      <UniqueIdentifier>{67DA6AB6-F800-4c08-8B7A-83BB121AAD01}</UniqueIdentifier>
      <Extensions>rc;ico;cur;bmp;dlg;rc2;rct;bin;rgs;gif;jpg;jpeg;jpe;resx;tiff;tif;png;wav;mfcribbon-ms</Extensions>
    </Filter>
  </ItemGroup>
  <ItemGroup>
    <ClInclude Include="snvoxeng.hpp">
      <Filter>Header Files</Filter>
    </ClInclude>
    <ClInclude Include="snvoxeng\dll-defines.hpp">
      <Filter>Header Files</Filter>
    </ClInclude>
    <ClInclude Include="snvoxeng\WindowDescription.hpp">
      <Filter>Header Files</Filter>
    </ClInclude>
    <ClInclude Include="snvoxeng\vk\Instance.hpp">
      <Filter>Header Files</Filter>
    </ClInclude>
    <ClInclude Include=".def\vk\Instance.h">
      <Filter>Header Files</Filter>
    </ClInclude>
    <ClInclude Include="snvoxeng\vk\VkMinimal.hpp">
      <Filter>Header Files</Filter>
    </ClInclude>
    <ClInclude Include="snvoxeng\vk\PhysicalDeviceRegistry.hpp">
      <Filter>Header Files</Filter>
    </ClInclude>
    <ClInclude Include="snvoxeng\vk\PhysicalDeviceSelector.hpp">
      <Filter>Header Files</Filter>
    </ClInclude>
    <ClInclude Include="snvoxeng\vk\PhysicalDeviceSet.hpp">
      <Filter>Header Files</Filter>
    </ClInclude>
    <ClInclude Include="snvoxeng\vk\SurfaceKHR.hpp">
      <Filter>Header Files</Filter>
    </ClInclude>
    <ClInclude Include=".def\vk\SurfaceKHR.h">
      <Filter>Header Files</Filter>
    </ClInclude>
    <ClInclude Include="snvoxeng\vk\PhysicalDevice.hpp">
      <Filter>Header Files</Filter>
    </ClInclude>
    <ClInclude Include=".def\vk\Device.h">
      <Filter>Header Files</Filter>
    </ClInclude>
    <ClInclude Include="snvoxeng\vk\Device.hpp">
      <Filter>Header Files</Filter>
    </ClInclude>
    <ClInclude Include=".def\vk\SwapchainKHR.h">
      <Filter>Header Files</Filter>
    </ClInclude>
    <ClInclude Include="snvoxeng\vk\SwapchainKHR.hpp">
      <Filter>Header Files</Filter>
    </ClInclude>
    <ClInclude Include="snvoxeng\vk\Image.hpp">
      <Filter>Header Files</Filter>
    </ClInclude>
    <ClInclude Include="snvoxeng\vk\ImageView.hpp">
      <Filter>Header Files</Filter>
    </ClInclude>
    <ClInclude Include=".def\vk\ImageView.h">
      <Filter>Header Files</Filter>
    </ClInclude>
    <ClInclude Include=".def\vk\Image.h">
      <Filter>Header Files</Filter>
    </ClInclude>
  </ItemGroup>
  <ItemGroup>
    <ClCompile Include=".src\vk\Instance.cpp">
      <Filter>Source Files</Filter>
    </ClCompile>
    <ClCompile Include=".src\vk\PhysicalDeviceRegistry.cpp">
      <Filter>Source Files</Filter>
    </ClCompile>
    <ClCompile Include=".src\vk\PhysicalDeviceSelector.cpp">
      <Filter>Source Files</Filter>
    </ClCompile>
    <ClCompile Include=".src\vk\PhysicalDeviceSet.cpp">
      <Filter>Source Files</Filter>
    </ClCompile>
    <ClCompile Include=".src\vk\SurfaceKHR.cpp">
      <Filter>Source Files</Filter>
    </ClCompile>
    <ClCompile Include=".src\vk\PhysicalDevice.cpp">
      <Filter>Source Files</Filter>
    </ClCompile>
    <ClCompile Include=".src\vk\Device.cpp">
      <Filter>Source Files</Filter>
    </ClCompile>
    <ClCompile Include=".src\vk\SwapchainKHR.cpp">
      <Filter>Source Files</Filter>
    </ClCompile>
    <ClCompile Include=".src\vk\ImageView.cpp">
      <Filter>Source Files</Filter>
    </ClCompile>
    <ClCompile Include=".src\vk\Image.cpp">
      <Filter>Source Files</Filter>
    </ClCompile>
  </ItemGroup>
</Project>